
Microsoft Visual Studio Solution File, Format Version 12.00
# Visual Studio 15
VisualStudioVersion = 15.0.27130.2027
MinimumVisualStudioVersion = 10.0.40219.1
Project("{FAE04EC0-301F-11D3-BF4B-00C04F79EFBC}") = "wk31", "wk31\wk31.csproj", "{FCB8BE4F-E8EE-479B-BE1A-8D64FC1CC221}"
EndProject
Project("{FAE04EC0-301F-11D3-BF4B-00C04F79EFBC}") = "wk32", "wk32\wk32.csproj", "{B94712DF-E4B7-4BBD-821C-42EC34C016BF}"
EndProject
Project("{FAE04EC0-301F-11D3-BF4B-00C04F79EFBC}") = "wk33", "wk33\wk33.csproj", "{7A1A7E5A-F526-4DD5-928C-909A230F79D0}"
EndProject
Global
	GlobalSection(SolutionConfigurationPlatforms) = preSolution
		Debug|Any CPU = Debug|Any CPU
		Release|Any CPU = Release|Any CPU
	EndGlobalSection
	GlobalSection(ProjectConfigurationPlatforms) = postSolution
		{FCB8BE4F-E8EE-479B-BE1A-8D64FC1CC221}.Debug|Any CPU.ActiveCfg = Debug|Any CPU
		{FCB8BE4F-E8EE-479B-BE1A-8D64FC1CC221}.Debug|Any CPU.Build.0 = Debug|Any CPU
		{FCB8BE4F-E8EE-479B-BE1A-8D64FC1CC221}.Release|Any CPU.ActiveCfg = Release|Any CPU
		{FCB8BE4F-E8EE-479B-BE1A-8D64FC1CC221}.Release|Any CPU.Build.0 = Release|Any CPU
		{B94712DF-E4B7-4BBD-821C-42EC34C016BF}.Debug|Any CPU.ActiveCfg = Debug|Any CPU
		{B94712DF-E4B7-4BBD-821C-42EC34C016BF}.Debug|Any CPU.Build.0 = Debug|Any CPU
		{B94712DF-E4B7-4BBD-821C-42EC34C016BF}.Release|Any CPU.ActiveCfg = Release|Any CPU
		{B94712DF-E4B7-4BBD-821C-42EC34C016BF}.Release|Any CPU.Build.0 = Release|Any CPU
		{7A1A7E5A-F526-4DD5-928C-909A230F79D0}.Debug|Any CPU.ActiveCfg = Debug|Any CPU
		{7A1A7E5A-F526-4DD5-928C-909A230F79D0}.Debug|Any CPU.Build.0 = Debug|Any CPU
		{7A1A7E5A-F526-4DD5-928C-909A230F79D0}.Release|Any CPU.ActiveCfg = Release|Any CPU
		{7A1A7E5A-F526-4DD5-928C-909A230F79D0}.Release|Any CPU.Build.0 = Release|Any CPU
	EndGlobalSection
	GlobalSection(SolutionProperties) = preSolution
		HideSolutionNode = FALSE
	EndGlobalSection
	GlobalSection(ExtensibilityGlobals) = postSolution
		SolutionGuid = {C8D85C9C-EFEB-417C-B48D-14848A708CC2}
	EndGlobalSection
EndGlobal
